// !$*UTF8*$!
{
	archiveVersion = 1;
	classes = {
	};
	objectVersion = 55;
	objects = {

/* Begin PBXBuildFile section */
		A7489B7D27AB2293009685DE /* AppDelegate.swift in Sources */ = {isa = PBXBuildFile; fileRef = A7489B7C27AB2293009685DE /* AppDelegate.swift */; };
		A7489B8127AB2293009685DE /* ViewController.swift in Sources */ = {isa = PBXBuildFile; fileRef = A7489B8027AB2293009685DE /* ViewController.swift */; };
		A7489B8427AB2293009685DE /* Main.storyboard in Resources */ = {isa = PBXBuildFile; fileRef = A7489B8227AB2293009685DE /* Main.storyboard */; };
		A7489B8627AB2295009685DE /* Assets.xcassets in Resources */ = {isa = PBXBuildFile; fileRef = A7489B8527AB2295009685DE /* Assets.xcassets */; };
		A7489B8927AB2295009685DE /* LaunchScreen.storyboard in Resources */ = {isa = PBXBuildFile; fileRef = A7489B8727AB2295009685DE /* LaunchScreen.storyboard */; };
		A7489B9227AB2383009685DE /* GesturePublisher.swift in Sources */ = {isa = PBXBuildFile; fileRef = A7489B9127AB2383009685DE /* GesturePublisher.swift */; };
		A7489B9427AB238C009685DE /* GestureSubscriber.swift in Sources */ = {isa = PBXBuildFile; fileRef = A7489B9327AB238C009685DE /* GestureSubscriber.swift */; };
		A7489B9627AB2454009685DE /* UIView+GesturePublisher.swift in Sources */ = {isa = PBXBuildFile; fileRef = A7489B9527AB2454009685DE /* UIView+GesturePublisher.swift */; };
		A7489B9827AB31EF009685DE /* GestureType.swift in Sources */ = {isa = PBXBuildFile; fileRef = A7489B9727AB31EF009685DE /* GestureType.swift */; };
/* End PBXBuildFile section */

/* Begin PBXFileReference section */
		A7489B7927AB2293009685DE /* CombineGestureRecognizer.app */ = {isa = PBXFileReference; explicitFileType = wrapper.application; includeInIndex = 0; path = CombineGestureRecognizer.app; sourceTree = BUILT_PRODUCTS_DIR; };
		A7489B7C27AB2293009685DE /* AppDelegate.swift */ = {isa = PBXFileReference; lastKnownFileType = sourcecode.swift; path = AppDelegate.swift; sourceTree = "<group>"; };
		A7489B8027AB2293009685DE /* ViewController.swift */ = {isa = PBXFileReference; lastKnownFileType = sourcecode.swift; path = ViewController.swift; sourceTree = "<group>"; };
		A7489B8327AB2293009685DE /* Base */ = {isa = PBXFileReference; lastKnownFileType = file.storyboard; name = Base; path = Base.lproj/Main.storyboard; sourceTree = "<group>"; };
		A7489B8527AB2295009685DE /* Assets.xcassets */ = {isa = PBXFileReference; lastKnownFileType = folder.assetcatalog; path = Assets.xcassets; sourceTree = "<group>"; };
		A7489B8827AB2295009685DE /* Base */ = {isa = PBXFileReference; lastKnownFileType = file.storyboard; name = Base; path = Base.lproj/LaunchScreen.storyboard; sourceTree = "<group>"; };
		A7489B8A27AB2295009685DE /* Info.plist */ = {isa = PBXFileReference; lastKnownFileType = text.plist.xml; path = Info.plist; sourceTree = "<group>"; };
		A7489B9127AB2383009685DE /* GesturePublisher.swift */ = {isa = PBXFileReference; lastKnownFileType = sourcecode.swift; path = GesturePublisher.swift; sourceTree = "<group>"; };
		A7489B9327AB238C009685DE /* GestureSubscriber.swift */ = {isa = PBXFileReference; lastKnownFileType = sourcecode.swift; path = GestureSubscriber.swift; sourceTree = "<group>"; };
		A7489B9527AB2454009685DE /* UIView+GesturePublisher.swift */ = {isa = PBXFileReference; lastKnownFileType = sourcecode.swift; path = "UIView+GesturePublisher.swift"; sourceTree = "<group>"; };
		A7489B9727AB31EF009685DE /* GestureType.swift */ = {isa = PBXFileReference; lastKnownFileType = sourcecode.swift; path = GestureType.swift; sourceTree = "<group>"; };
/* End PBXFileReference section */

/* Begin PBXFrameworksBuildPhase section */
		A7489B7627AB2293009685DE /* Frameworks */ = {
			isa = PBXFrameworksBuildPhase;
			buildActionMask = 2147483647;
			files = (
			);
			runOnlyForDeploymentPostprocessing = 0;
		};
/* End PBXFrameworksBuildPhase section */

/* Begin PBXGroup section */
		A7489B7027AB2293009685DE = {
			isa = PBXGroup;
			children = (
				A7489B7B27AB2293009685DE /* CombineGestureRecognizer */,
				A7489B7A27AB2293009685DE /* Products */,
			);
			sourceTree = "<group>";
		};
		A7489B7A27AB2293009685DE /* Products */ = {
			isa = PBXGroup;
			children = (
				A7489B7927AB2293009685DE /* CombineGestureRecognizer.app */,
			);
			name = Products;
			sourceTree = "<group>";
		};
		A7489B7B27AB2293009685DE /* CombineGestureRecognizer */ = {
			isa = PBXGroup;
			children = (
				A7489B9027AB2374009685DE /* GestureRecognizer */,
				A7489B7C27AB2293009685DE /* AppDelegate.swift */,
				A7489B8027AB2293009685DE /* ViewController.swift */,
				A7489B8227AB2293009685DE /* Main.storyboard */,
				A7489B8527AB2295009685DE /* Assets.xcassets */,
				A7489B8727AB2295009685DE /* LaunchScreen.storyboard */,
				A7489B8A27AB2295009685DE /* Info.plist */,
			);
			path = CombineGestureRecognizer;
			sourceTree = "<group>";
		};
		A7489B9027AB2374009685DE /* GestureRecognizer */ = {
			isa = PBXGroup;
			children = (
				A7489B9727AB31EF009685DE /* GestureType.swift */,
				A7489B9127AB2383009685DE /* GesturePublisher.swift */,
				A7489B9327AB238C009685DE /* GestureSubscriber.swift */,
				A7489B9527AB2454009685DE /* UIView+GesturePublisher.swift */,
			);
			path = GestureRecognizer;
			sourceTree = "<group>";
		};
/* End PBXGroup section */

/* Begin PBXNativeTarget section */
		A7489B7827AB2293009685DE /* CombineGestureRecognizer */ = {
			isa = PBXNativeTarget;
			buildConfigurationList = A7489B8D27AB2295009685DE /* Build configuration list for PBXNativeTarget "CombineGestureRecognizer" */;
			buildPhases = (
				A7489B7527AB2293009685DE /* Sources */,
				A7489B7627AB2293009685DE /* Frameworks */,
				A7489B7727AB2293009685DE /* Resources */,
			);
			buildRules = (
			);
			dependencies = (
			);
			name = CombineGestureRecognizer;
			productName = CombineGestureRecognizer;
			productReference = A7489B7927AB2293009685DE /* CombineGestureRecognizer.app */;
			productType = "com.apple.product-type.application";
		};
/* End PBXNativeTarget section */

/* Begin PBXProject section */
		A7489B7127AB2293009685DE /* Project object */ = {
			isa = PBXProject;
			attributes = {
				BuildIndependentTargetsInParallel = 1;
				LastSwiftUpdateCheck = 1320;
				LastUpgradeCheck = 1320;
				TargetAttributes = {
					A7489B7827AB2293009685DE = {
						CreatedOnToolsVersion = 13.2.1;
					};
				};
			};
			buildConfigurationList = A7489B7427AB2293009685DE /* Build configuration list for PBXProject "CombineGestureRecognizer" */;
			compatibilityVersion = "Xcode 13.0";
			developmentRegion = en;
			hasScannedForEncodings = 0;
			knownRegions = (
				en,
				Base,
			);
			mainGroup = A7489B7027AB2293009685DE;
			productRefGroup = A7489B7A27AB2293009685DE /* Products */;
			projectDirPath = "";
			projectRoot = "";
			targets = (
				A7489B7827AB2293009685DE /* CombineGestureRecognizer */,
			);
		};
/* End PBXProject section */

/* Begin PBXResourcesBuildPhase section */
		A7489B7727AB2293009685DE /* Resources */ = {
			isa = PBXResourcesBuildPhase;
			buildActionMask = 2147483647;
			files = (
				A7489B8927AB2295009685DE /* LaunchScreen.storyboard in Resources */,
				A7489B8627AB2295009685DE /* Assets.xcassets in Resources */,
				A7489B8427AB2293009685DE /* Main.storyboard in Resources */,
			);
			runOnlyForDeploymentPostprocessing = 0;
		};
/* End PBXResourcesBuildPhase section */

/* Begin PBXSourcesBuildPhase section */
		A7489B7527AB2293009685DE /* Sources */ = {
			isa = PBXSourcesBuildPhase;
			buildActionMask = 2147483647;
			files = (
				A7489B9627AB2454009685DE /* UIView+GesturePublisher.swift in Sources */,
				A7489B8127AB2293009685DE /* ViewController.swift in Sources */,
				A7489B9427AB238C009685DE /* GestureSubscriber.swift in Sources */,
				A7489B7D27AB2293009685DE /* AppDelegate.swift in Sources */,
				A7489B9227AB2383009685DE /* GesturePublisher.swift in Sources */,
				A7489B9827AB31EF009685DE /* GestureType.swift in Sources */,
			);
			runOnlyForDeploymentPostprocessing = 0;
		};
/* End PBXSourcesBuildPhase section */

/* Begin PBXVariantGroup section */
		A7489B8227AB2293009685DE /* Main.storyboard */ = {
			isa = PBXVariantGroup;
			children = (
				A7489B8327AB2293009685DE /* Base */,
			);
			name = Main.storyboard;
			sourceTree = "<group>";
		};
		A7489B8727AB2295009685DE /* LaunchScreen.storyboard */ = {
			isa = PBXVariantGroup;
			children = (
				A7489B8827AB2295009685DE /* Base */,
			);
			name = LaunchScreen.storyboard;
			sourceTree = "<group>";
		};
/* End PBXVariantGroup section */

/* Begin XCBuildConfiguration section */
		A7489B8B27AB2295009685DE /* Debug */ = {
			isa = XCBuildConfiguration;
			buildSettings = {
				ALWAYS_SEARCH_USER_PATHS = NO;
				CLANG_ANALYZER_NONNULL = YES;
				CLANG_ANALYZER_NUMBER_OBJECT_CONVERSION = YES_AGGRESSIVE;
				CLANG_CXX_LANGUAGE_STANDARD = "gnu++17";
				CLANG_CXX_LIBRARY = "libc++";
				CLANG_ENABLE_MODULES = YES;
				CLANG_ENABLE_OBJC_ARC = YES;
				CLANG_ENABLE_OBJC_WEAK = YES;
				CLANG_WARN_BLOCK_CAPTURE_AUTORELEASING = YES;
				CLANG_WARN_BOOL_CONVERSION = YES;
				CLANG_WARN_COMMA = YES;
				CLANG_WARN_CONSTANT_CONVERSION = YES;
				CLANG_WARN_DEPRECATED_OBJC_IMPLEMENTATIONS = YES;
				CLANG_WARN_DIRECT_OBJC_ISA_USAGE = YES_ERROR;
				CLANG_WARN_DOCUMENTATION_COMMENTS = YES;
				CLANG_WARN_EMPTY_BODY = YES;
				CLANG_WARN_ENUM_CONVERSION = YES;
				CLANG_WARN_INFINITE_RECURSION = YES;
				CLANG_WARN_INT_CONVERSION = YES;
				CLANG_WARN_NON_LITERAL_NULL_CONVERSION = YES;
				CLANG_WARN_OBJC_IMPLICIT_RETAIN_SELF = YES;
				CLANG_WARN_OBJC_LITERAL_CONVERSION = YES;
				CLANG_WARN_OBJC_ROOT_CLASS = YES_ERROR;
				CLANG_WARN_QUOTED_INCLUDE_IN_FRAMEWORK_HEADER = YES;
				CLANG_WARN_RANGE_LOOP_ANALYSIS = YES;
				CLANG_WARN_STRICT_PROTOTYPES = YES;
				CLANG_WARN_SUSPICIOUS_MOVE = YES;
				CLANG_WARN_UNGUARDED_AVAILABILITY = YES_AGGRESSIVE;
				CLANG_WARN_UNREACHABLE_CODE = YES;
				CLANG_WARN__DUPLICATE_METHOD_MATCH = YES;
				COPY_PHASE_STRIP = NO;
				DEBUG_INFORMATION_FORMAT = dwarf;
				ENABLE_STRICT_OBJC_MSGSEND = YES;
				ENABLE_TESTABILITY = YES;
				GCC_C_LANGUAGE_STANDARD = gnu11;
				GCC_DYNAMIC_NO_PIC = NO;
				GCC_NO_COMMON_BLOCKS = YES;
				GCC_OPTIMIZATION_LEVEL = 0;
				GCC_PREPROCESSOR_DEFINITIONS = (
					"DEBUG=1",
					"$(inherited)",
				);
				GCC_WARN_64_TO_32_BIT_CONVERSION = YES;
				GCC_WARN_ABOUT_RETURN_TYPE = YES_ERROR;
				GCC_WARN_UNDECLARED_SELECTOR = YES;
				GCC_WARN_UNINITIALIZED_AUTOS = YES_AGGRESSIVE;
				GCC_WARN_UNUSED_FUNCTION = YES;
				GCC_WARN_UNUSED_VARIABLE = YES;
				IPHONEOS_DEPLOYMENT_TARGET = 15.2;
				MTL_ENABLE_DEBUG_INFO = INCLUDE_SOURCE;
				MTL_FAST_MATH = YES;
				ONLY_ACTIVE_ARCH = YES;
				SDKROOT = iphoneos;
				SWIFT_ACTIVE_COMPILATION_CONDITIONS = DEBUG;
				SWIFT_OPTIMIZATION_LEVEL = "-Onone";
			};
			name = Debug;
		};
		A7489B8C27AB2295009685DE /* Release */ = {
			isa = XCBuildConfiguration;
			buildSettings = {
				ALWAYS_SEARCH_USER_PATHS = NO;
				CLANG_ANALYZER_NONNULL = YES;
				CLANG_ANALYZER_NUMBER_OBJECT_CONVERSION = YES_AGGRESSIVE;
				CLANG_CXX_LANGUAGE_STANDARD = "gnu++17";
				CLANG_CXX_LIBRARY = "libc++";
				CLANG_ENABLE_MODULES = YES;
				CLANG_ENABLE_OBJC_ARC = YES;
				CLANG_ENABLE_OBJC_WEAK = YES;
				CLANG_WARN_BLOCK_CAPTURE_AUTORELEASING = YES;
				CLANG_WARN_BOOL_CONVERSION = YES;
				CLANG_WARN_COMMA = YES;
				CLANG_WARN_CONSTANT_CONVERSION = YES;
				CLANG_WARN_DEPRECATED_OBJC_IMPLEMENTATIONS = YES;
				CLANG_WARN_DIRECT_OBJC_ISA_USAGE = YES_ERROR;
				CLANG_WARN_DOCUMENTATION_COMMENTS = YES;
				CLANG_WARN_EMPTY_BODY = YES;
				CLANG_WARN_ENUM_CONVERSION = YES;
				CLANG_WARN_INFINITE_RECURSION = YES;
				CLANG_WARN_INT_CONVERSION = YES;
				CLANG_WARN_NON_LITERAL_NULL_CONVERSION = YES;
				CLANG_WARN_OBJC_IMPLICIT_RETAIN_SELF = YES;
				CLANG_WARN_OBJC_LITERAL_CONVERSION = YES;
				CLANG_WARN_OBJC_ROOT_CLASS = YES_ERROR;
				CLANG_WARN_QUOTED_INCLUDE_IN_FRAMEWORK_HEADER = YES;
				CLANG_WARN_RANGE_LOOP_ANALYSIS = YES;
				CLANG_WARN_STRICT_PROTOTYPES = YES;
				CLANG_WARN_SUSPICIOUS_MOVE = YES;
				CLANG_WARN_UNGUARDED_AVAILABILITY = YES_AGGRESSIVE;
				CLANG_WARN_UNREACHABLE_CODE = YES;
				CLANG_WARN__DUPLICATE_METHOD_MATCH = YES;
				COPY_PHASE_STRIP = NO;
				DEBUG_INFORMATION_FORMAT = "dwarf-with-dsym";
				ENABLE_NS_ASSERTIONS = NO;
				ENABLE_STRICT_OBJC_MSGSEND = YES;
				GCC_C_LANGUAGE_STANDARD = gnu11;
				GCC_NO_COMMON_BLOCKS = YES;
				GCC_WARN_64_TO_32_BIT_CONVERSION = YES;
				GCC_WARN_ABOUT_RETURN_TYPE = YES_ERROR;
				GCC_WARN_UNDECLARED_SELECTOR = YES;
				GCC_WARN_UNINITIALIZED_AUTOS = YES_AGGRESSIVE;
				GCC_WARN_UNUSED_FUNCTION = YES;
				GCC_WARN_UNUSED_VARIABLE = YES;
				IPHONEOS_DEPLOYMENT_TARGET = 15.2;
				MTL_ENABLE_DEBUG_INFO = NO;
				MTL_FAST_MATH = YES;
				SDKROOT = iphoneos;
				SWIFT_COMPILATION_MODE = wholemodule;
				SWIFT_OPTIMIZATION_LEVEL = "-O";
				VALIDATE_PRODUCT = YES;
			};
			name = Release;
		};
		A7489B8E27AB2295009685DE /* Debug */ = {
			isa = XCBuildConfiguration;
			buildSettings = {
				ASSETCATALOG_COMPILER_APPICON_NAME = AppIcon;
				ASSETCATALOG_COMPILER_GLOBAL_ACCENT_COLOR_NAME = AccentColor;
				CODE_SIGN_STYLE = Automatic;
				CURRENT_PROJECT_VERSION = 1;
				GENERATE_INFOPLIST_FILE = YES;
				INFOPLIST_FILE = CombineGestureRecognizer/Info.plist;
				INFOPLIST_KEY_UIApplicationSupportsIndirectInputEvents = YES;
				INFOPLIST_KEY_UILaunchStoryboardName = LaunchScreen;
				INFOPLIST_KEY_UISupportedInterfaceOrientations_iPad = "UIInterfaceOrientationPortrait UIInterfaceOrientationPortraitUpsideDown UIInterfaceOrientationLandscapeLeft UIInterfaceOrientationLandscapeRight";
				INFOPLIST_KEY_UISupportedInterfaceOrientations_iPhone = "UIInterfaceOrientationPortrait UIInterfaceOrientationLandscapeLeft UIInterfaceOrientationLandscapeRight";
				LD_RUNPATH_SEARCH_PATHS = (
					"$(inherited)",
					"@executable_path/Frameworks",
				);
				MARKETING_VERSION = 1.0;
				PRODUCT_BUNDLE_IDENTIFIER = Tutu.CombineGestureRecognizer;
				PRODUCT_NAME = "$(TARGET_NAME)";
				SWIFT_EMIT_LOC_STRINGS = YES;
				SWIFT_VERSION = 5.0;
				TARGETED_DEVICE_FAMILY = "1,2";
			};
			name = Debug;
		};
		A7489B8F27AB2295009685DE /* Release */ = {
			isa = XCBuildConfiguration;
			buildSettings = {
				ASSETCATALOG_COMPILER_APPICON_NAME = AppIcon;
				ASSETCATALOG_COMPILER_GLOBAL_ACCENT_COLOR_NAME = AccentColor;
				CODE_SIGN_STYLE = Automatic;
				CURRENT_PROJECT_VERSION = 1;
				GENERATE_INFOPLIST_FILE = YES;
				INFOPLIST_FILE = CombineGestureRecognizer/Info.plist;
				INFOPLIST_KEY_UIApplicationSupportsIndirectInputEvents = YES;
				INFOPLIST_KEY_UILaunchStoryboardName = LaunchScreen;
				INFOPLIST_KEY_UISupportedInterfaceOrientations_iPad = "UIInterfaceOrientationPortrait UIInterfaceOrientationPortraitUpsideDown UIInterfaceOrientationLandscapeLeft UIInterfaceOrientationLandscapeRight";
				INFOPLIST_KEY_UISupportedInterfaceOrientations_iPhone = "UIInterfaceOrientationPortrait UIInterfaceOrientationLandscapeLeft UIInterfaceOrientationLandscapeRight";
				LD_RUNPATH_SEARCH_PATHS = (
					"$(inherited)",
					"@executable_path/Frameworks",
				);
				MARKETING_VERSION = 1.0;
				PRODUCT_BUNDLE_IDENTIFIER = Tutu.CombineGestureRecognizer;
				PRODUCT_NAME = "$(TARGET_NAME)";
				SWIFT_EMIT_LOC_STRINGS = YES;
				SWIFT_VERSION = 5.0;
				TARGETED_DEVICE_FAMILY = "1,2";
			};
			name = Release;
		};
/* End XCBuildConfiguration section */

/* Begin XCConfigurationList section */
		A7489B7427AB2293009685DE /* Build configuration list for PBXProject "CombineGestureRecognizer" */ = {
			isa = XCConfigurationList;
			buildConfigurations = (
				A7489B8B27AB2295009685DE /* Debug */,
				A7489B8C27AB2295009685DE /* Release */,
			);
			defaultConfigurationIsVisible = 0;
			defaultConfigurationName = Release;
		};
		A7489B8D27AB2295009685DE /* Build configuration list for PBXNativeTarget "CombineGestureRecognizer" */ = {
			isa = XCConfigurationList;
			buildConfigurations = (
				A7489B8E27AB2295009685DE /* Debug */,
				A7489B8F27AB2295009685DE /* Release */,
			);
			defaultConfigurationIsVisible = 0;
			defaultConfigurationName = Release;
		};
/* End XCConfigurationList section */
	};
	rootObject = A7489B7127AB2293009685DE /* Project object */;
}
